
Microsoft Visual Studio Solution File, Format Version 12.00
# Visual Studio Version 17
VisualStudioVersion = 17.0.31903.59
MinimumVisualStudioVersion = 10.0.40219.1
Project("{FAE04EC0-301F-11D3-BF4B-00C04F79EFBC}") = "BaoCaoChiPhi.Domain", "BaoCaoChiPhi.Domain\BaoCaoChiPhi.Domain.csproj", "{B5FE1C8C-2E13-4635-A693-AB12C21C326D}"
EndProject
Project("{FAE04EC0-301F-11D3-BF4B-00C04F79EFBC}") = "BaoCaoChiPhi.Application", "BaoCaoChiPhi.Application\BaoCaoChiPhi.Application.csproj", "{1FB00C8C-B656-45E7-8718-2230009883EB}"
EndProject
Project("{FAE04EC0-301F-11D3-BF4B-00C04F79EFBC}") = "BaoCaoChiPhi.Infrastructure", "BaoCaoChiPhi.Infrastructure\BaoCaoChiPhi.Infrastructure.csproj", "{317E8F16-3641-472C-A791-A07B0CE61093}"
EndProject
Project("{FAE04EC0-301F-11D3-BF4B-00C04F79EFBC}") = "BaoCaoChiPhi.API", "BaoCaoChiPhi.API\BaoCaoChiPhi.API.csproj", "{31624F9D-1853-46C7-B3EF-B704C779FFAD}"
EndProject
Global
	GlobalSection(SolutionConfigurationPlatforms) = preSolution
		Debug|Any CPU = Debug|Any CPU
		Debug|x64 = Debug|x64
		Debug|x86 = Debug|x86
		Release|Any CPU = Release|Any CPU
		Release|x64 = Release|x64
		Release|x86 = Release|x86
	EndGlobalSection
	GlobalSection(ProjectConfigurationPlatforms) = postSolution
		{B5FE1C8C-2E13-4635-A693-AB12C21C326D}.Debug|Any CPU.ActiveCfg = Debug|Any CPU
		{B5FE1C8C-2E13-4635-A693-AB12C21C326D}.Debug|Any CPU.Build.0 = Debug|Any CPU
		{B5FE1C8C-2E13-4635-A693-AB12C21C326D}.Debug|x64.ActiveCfg = Debug|Any CPU
		{B5FE1C8C-2E13-4635-A693-AB12C21C326D}.Debug|x64.Build.0 = Debug|Any CPU
		{B5FE1C8C-2E13-4635-A693-AB12C21C326D}.Debug|x86.ActiveCfg = Debug|Any CPU
		{B5FE1C8C-2E13-4635-A693-AB12C21C326D}.Debug|x86.Build.0 = Debug|Any CPU
		{B5FE1C8C-2E13-4635-A693-AB12C21C326D}.Release|Any CPU.ActiveCfg = Release|Any CPU
		{B5FE1C8C-2E13-4635-A693-AB12C21C326D}.Release|Any CPU.Build.0 = Release|Any CPU
		{B5FE1C8C-2E13-4635-A693-AB12C21C326D}.Release|x64.ActiveCfg = Release|Any CPU
		{B5FE1C8C-2E13-4635-A693-AB12C21C326D}.Release|x64.Build.0 = Release|Any CPU
		{B5FE1C8C-2E13-4635-A693-AB12C21C326D}.Release|x86.ActiveCfg = Release|Any CPU
		{B5FE1C8C-2E13-4635-A693-AB12C21C326D}.Release|x86.Build.0 = Release|Any CPU
		{1FB00C8C-B656-45E7-8718-2230009883EB}.Debug|Any CPU.ActiveCfg = Debug|Any CPU
		{1FB00C8C-B656-45E7-8718-2230009883EB}.Debug|Any CPU.Build.0 = Debug|Any CPU
		{1FB00C8C-B656-45E7-8718-2230009883EB}.Debug|x64.ActiveCfg = Debug|Any CPU
		{1FB00C8C-B656-45E7-8718-2230009883EB}.Debug|x64.Build.0 = Debug|Any CPU
		{1FB00C8C-B656-45E7-8718-2230009883EB}.Debug|x86.ActiveCfg = Debug|Any CPU
		{1FB00C8C-B656-45E7-8718-2230009883EB}.Debug|x86.Build.0 = Debug|Any CPU
		{1FB00C8C-B656-45E7-8718-2230009883EB}.Release|Any CPU.ActiveCfg = Release|Any CPU
		{1FB00C8C-B656-45E7-8718-2230009883EB}.Release|Any CPU.Build.0 = Release|Any CPU
		{1FB00C8C-B656-45E7-8718-2230009883EB}.Release|x64.ActiveCfg = Release|Any CPU
		{1FB00C8C-B656-45E7-8718-2230009883EB}.Release|x64.Build.0 = Release|Any CPU
		{1FB00C8C-B656-45E7-8718-2230009883EB}.Release|x86.ActiveCfg = Release|Any CPU
		{1FB00C8C-B656-45E7-8718-2230009883EB}.Release|x86.Build.0 = Release|Any CPU
		{317E8F16-3641-472C-A791-A07B0CE61093}.Debug|Any CPU.ActiveCfg = Debug|Any CPU
		{317E8F16-3641-472C-A791-A07B0CE61093}.Debug|Any CPU.Build.0 = Debug|Any CPU
		{317E8F16-3641-472C-A791-A07B0CE61093}.Debug|x64.ActiveCfg = Debug|Any CPU
		{317E8F16-3641-472C-A791-A07B0CE61093}.Debug|x64.Build.0 = Debug|Any CPU
		{317E8F16-3641-472C-A791-A07B0CE61093}.Debug|x86.ActiveCfg = Debug|Any CPU
		{317E8F16-3641-472C-A791-A07B0CE61093}.Debug|x86.Build.0 = Debug|Any CPU
		{317E8F16-3641-472C-A791-A07B0CE61093}.Release|Any CPU.ActiveCfg = Release|Any CPU
		{317E8F16-3641-472C-A791-A07B0CE61093}.Release|Any CPU.Build.0 = Release|Any CPU
		{317E8F16-3641-472C-A791-A07B0CE61093}.Release|x64.ActiveCfg = Release|Any CPU
		{317E8F16-3641-472C-A791-A07B0CE61093}.Release|x64.Build.0 = Release|Any CPU
		{317E8F16-3641-472C-A791-A07B0CE61093}.Release|x86.ActiveCfg = Release|Any CPU
		{317E8F16-3641-472C-A791-A07B0CE61093}.Release|x86.Build.0 = Release|Any CPU
		{31624F9D-1853-46C7-B3EF-B704C779FFAD}.Debug|Any CPU.ActiveCfg = Debug|Any CPU
		{31624F9D-1853-46C7-B3EF-B704C779FFAD}.Debug|Any CPU.Build.0 = Debug|Any CPU
		{31624F9D-1853-46C7-B3EF-B704C779FFAD}.Debug|x64.ActiveCfg = Debug|Any CPU
		{31624F9D-1853-46C7-B3EF-B704C779FFAD}.Debug|x64.Build.0 = Debug|Any CPU
		{31624F9D-1853-46C7-B3EF-B704C779FFAD}.Debug|x86.ActiveCfg = Debug|Any CPU
		{31624F9D-1853-46C7-B3EF-B704C779FFAD}.Debug|x86.Build.0 = Debug|Any CPU
		{31624F9D-1853-46C7-B3EF-B704C779FFAD}.Release|Any CPU.ActiveCfg = Release|Any CPU
		{31624F9D-1853-46C7-B3EF-B704C779FFAD}.Release|Any CPU.Build.0 = Release|Any CPU
		{31624F9D-1853-46C7-B3EF-B704C779FFAD}.Release|x64.ActiveCfg = Release|Any CPU
		{31624F9D-1853-46C7-B3EF-B704C779FFAD}.Release|x64.Build.0 = Release|Any CPU
		{31624F9D-1853-46C7-B3EF-B704C779FFAD}.Release|x86.ActiveCfg = Release|Any CPU
		{31624F9D-1853-46C7-B3EF-B704C779FFAD}.Release|x86.Build.0 = Release|Any CPU
	EndGlobalSection
	GlobalSection(SolutionProperties) = preSolution
		HideSolutionNode = FALSE
	EndGlobalSection
EndGlobal
